
Microsoft Visual Studio Solution File, Format Version 10.00
# Visual Studio 2008
Project("{8BC9CEB8-8B4A-11D0-8D11-00A0C91BC942}") = "CThreadPoolCls", "CThreadPoolCls\CThreadPoolCls.vcproj", "{4E517C9B-4487-4895-BF2E-32CC2503EBFC}"
EndProject
Project("{8BC9CEB8-8B4A-11D0-8D11-00A0C91BC942}") = "VcSampleCls", "VcSampleCls\VcSampleCls.vcproj", "{5642E817-A0EE-4506-B90A-F5358B670ECA}"
EndProject
Project("{2150E333-8FDC-42A3-9474-1A3956D46DE8}") = "doc", "doc", "{AA68C8C3-8DF9-419C-BBBA-C87D539CE2E2}"
	ProjectSection(SolutionItems) = preProject
		atlutil-modified.h = atlutil-modified.h
		atlutil-original.h = atlutil-original.h
	EndProjectSection
EndProject
Global
	GlobalSection(SubversionScc) = preSolution
		Svn-Managed = True
		Manager = AnkhSVN - Subversion Support for Visual Studio
	EndGlobalSection
	GlobalSection(SolutionConfigurationPlatforms) = preSolution
		Debug|Win32 = Debug|Win32
		Release|Win32 = Release|Win32
	EndGlobalSection
	GlobalSection(ProjectConfigurationPlatforms) = postSolution
		{4E517C9B-4487-4895-BF2E-32CC2503EBFC}.Debug|Win32.ActiveCfg = Debug|Win32
		{4E517C9B-4487-4895-BF2E-32CC2503EBFC}.Debug|Win32.Build.0 = Debug|Win32
		{4E517C9B-4487-4895-BF2E-32CC2503EBFC}.Release|Win32.ActiveCfg = Release|Win32
		{4E517C9B-4487-4895-BF2E-32CC2503EBFC}.Release|Win32.Build.0 = Release|Win32
		{5642E817-A0EE-4506-B90A-F5358B670ECA}.Debug|Win32.ActiveCfg = Debug|Win32
		{5642E817-A0EE-4506-B90A-F5358B670ECA}.Debug|Win32.Build.0 = Debug|Win32
		{5642E817-A0EE-4506-B90A-F5358B670ECA}.Release|Win32.ActiveCfg = Release|Win32
		{5642E817-A0EE-4506-B90A-F5358B670ECA}.Release|Win32.Build.0 = Release|Win32
	EndGlobalSection
	GlobalSection(SolutionProperties) = preSolution
		HideSolutionNode = FALSE
	EndGlobalSection
EndGlobal
