<?xml version="1.0" encoding="utf-8"?>
<Project ToolsVersion="4.0" xmlns="http://schemas.microsoft.com/developer/msbuild/2003">
  <ItemGroup>
    <Filter Include="MongoFunc">
      <UniqueIdentifier>{04cc9fc2-2dd2-4e8d-8dfd-3e4276df2f01}</UniqueIdentifier>
    </Filter>
    <Filter Include="Framework">
      <UniqueIdentifier>{00241975-557d-455c-bdb1-8c879b88f3a3}</UniqueIdentifier>
    </Filter>
  </ItemGroup>
  <ItemGroup>
    <Text Include="ReadMe.txt" />
  </ItemGroup>
  <ItemGroup>
    <ClInclude Include="MongoTest.h">
      <Filter>Framework</Filter>
    </ClInclude>
    <ClInclude Include="Resource.h">
      <Filter>Framework</Filter>
    </ClInclude>
    <ClInclude Include="stdafx.h">
      <Filter>Framework</Filter>
    </ClInclude>
    <ClInclude Include="targetver.h">
      <Filter>Framework</Filter>
    </ClInclude>
    <ClInclude Include="MongoFunc.h">
      <Filter>MongoFunc</Filter>
    </ClInclude>
  </ItemGroup>
  <ItemGroup>
    <ClCompile Include="MongoFunc.cpp">
      <Filter>MongoFunc</Filter>
    </ClCompile>
    <ClCompile Include="MongoTest.cpp">
      <Filter>Framework</Filter>
    </ClCompile>
    <ClCompile Include="stdafx.cpp">
      <Filter>Framework</Filter>
    </ClCompile>
    <ClCompile Include="sample.cpp" />
  </ItemGroup>
  <ItemGroup>
    <ResourceCompile Include="MongoTest.rc">
      <Filter>Framework</Filter>
    </ResourceCompile>
  </ItemGroup>
</Project>