<?xml version="1.0" encoding="utf-8"?>
<Project ToolsVersion="4.0" xmlns="http://schemas.microsoft.com/developer/msbuild/2003">
  <ItemGroup>
    <Filter Include="源文件">
      <UniqueIdentifier>{4FC737F1-C7A5-4376-A066-2A32D752A2FF}</UniqueIdentifier>
      <Extensions>cpp;c;cc;cxx;def;odl;idl;hpj;bat;asm;asmx</Extensions>
    </Filter>
    <Filter Include="头文件">
      <UniqueIdentifier>{93995380-89BD-4b04-88EB-625FBE52EBFB}</UniqueIdentifier>
      <Extensions>h;hh;hpp;hxx;hm;inl;inc;xsd</Extensions>
    </Filter>
    <Filter Include="资源文件">
      <UniqueIdentifier>{67DA6AB6-F800-4c08-8B7A-83BB121AAD01}</UniqueIdentifier>
      <Extensions>rc;ico;cur;bmp;dlg;rc2;rct;bin;rgs;gif;jpg;jpeg;jpe;resx;tiff;tif;png;wav;mfcribbon-ms</Extensions>
    </Filter>
    <Filter Include="wxCommon">
      <UniqueIdentifier>{99ecc1b7-eb1a-4dce-88c2-1e31d5a2687b}</UniqueIdentifier>
    </Filter>
    <Filter Include="Framework">
      <UniqueIdentifier>{613c6a7b-4bf3-4546-8615-9f84f1c9cfbe}</UniqueIdentifier>
    </Filter>
  </ItemGroup>
  <ItemGroup>
    <ClCompile Include="..\wxCommon\wxCommon.cpp">
      <Filter>wxCommon</Filter>
    </ClCompile>
    <ClCompile Include="gui.cpp">
      <Filter>Framework</Filter>
    </ClCompile>
    <ClCompile Include="main.cpp">
      <Filter>Framework</Filter>
    </ClCompile>
    <ClCompile Include="LogMsg.cpp">
      <Filter>源文件</Filter>
    </ClCompile>
    <ClCompile Include="LogQuery.cpp">
      <Filter>源文件</Filter>
    </ClCompile>
  </ItemGroup>
  <ItemGroup>
    <None Include="gui.fbp" />
  </ItemGroup>
  <ItemGroup>
    <ClInclude Include="..\wxCommon\wxCommon.h">
      <Filter>wxCommon</Filter>
    </ClInclude>
    <ClInclude Include="main.h">
      <Filter>Framework</Filter>
    </ClInclude>
    <ClInclude Include="gui.h">
      <Filter>Framework</Filter>
    </ClInclude>
    <ClInclude Include="LogMsg.h">
      <Filter>头文件</Filter>
    </ClInclude>
    <ClInclude Include="LogQuery.h">
      <Filter>头文件</Filter>
    </ClInclude>
  </ItemGroup>
  <ItemGroup>
    <ResourceCompile Include="win_resources.rc">
      <Filter>资源文件</Filter>
    </ResourceCompile>
  </ItemGroup>
  <ItemGroup>
    <Text Include="..\readme-sln.txt" />
  </ItemGroup>
</Project>