
Microsoft Visual Studio Solution File, Format Version 10.00
# Visual Studio 2008
Project("{8BC9CEB8-8B4A-11D0-8D11-00A0C91BC942}") = "msTee", "msTee\msTee.vcproj", "{BC0774B4-284D-4406-98D3-9F2CADA1953B}"
EndProject
Project("{8BC9CEB8-8B4A-11D0-8D11-00A0C91BC942}") = "EXP2-3", "EXP2-3\EXP2-3.vcproj", "{AB7D5B5F-09C9-4726-995B-9D0A2E3C90FA}"
EndProject
Project("{8BC9CEB8-8B4A-11D0-8D11-00A0C91BC942}") = "EXP2-4", "EXP2-4\EXP2-4.vcproj", "{0050B10C-4473-43AF-8254-C50D19E40ABA}"
EndProject
Project("{8BC9CEB8-8B4A-11D0-8D11-00A0C91BC942}") = "EXP0301", "EXP0301\EXP0301.vcproj", "{600D7739-2B07-42B7-89ED-CCEF28CC892F}"
EndProject
Project("{8BC9CEB8-8B4A-11D0-8D11-00A0C91BC942}") = "EXP0302", "EXP0302\EXP0302.vcproj", "{4E69BC7B-7A84-4AE0-AC1F-AB848904967F}"
EndProject
Project("{8BC9CEB8-8B4A-11D0-8D11-00A0C91BC942}") = "EXP0303", "EXP0303\EXP0303.vcproj", "{66894609-9714-46E3-88BD-A02279C79407}"
EndProject
Project("{8BC9CEB8-8B4A-11D0-8D11-00A0C91BC942}") = "RegExMatch", "RegExMatch\RegExMatch.vcproj", "{D2C629AB-CCB7-46EC-9DF7-6E81B77D5262}"
EndProject
Project("{8BC9CEB8-8B4A-11D0-8D11-00A0C91BC942}") = "TitleExtrator", "SNExtrator\SNExtrator.vcproj", "{E05B6B9C-9502-4049-BEEF-0CD79DE0025F}"
EndProject
Project("{8BC9CEB8-8B4A-11D0-8D11-00A0C91BC942}") = "4-1", "EXP\4-1\4-1.vcproj", "{04A3D5F1-96D3-422C-971A-2F8660A1742D}"
EndProject
Project("{8BC9CEB8-8B4A-11D0-8D11-00A0C91BC942}") = "4-2", "EXP\4-2\4-2.vcproj", "{8799C453-5A95-47B8-9BE0-D4B3D2CA87E7}"
EndProject
Project("{8BC9CEB8-8B4A-11D0-8D11-00A0C91BC942}") = "4-3", "EXP\4-3\4-3.vcproj", "{3E2DE3B0-940A-4AA4-90EE-9DF1746C260B}"
EndProject
Project("{8BC9CEB8-8B4A-11D0-8D11-00A0C91BC942}") = "4-4", "EXP\4-4\4-4.vcproj", "{9AB9E26B-2B9B-4C5B-BEE9-8888E3B12181}"
EndProject
Project("{8BC9CEB8-8B4A-11D0-8D11-00A0C91BC942}") = "ex0109", "DSBOOK\ex0109\ex0109.vcproj", "{73EBAF53-D186-403A-BE53-2437D8FFB6ED}"
EndProject
Project("{2150E333-8FDC-42A3-9474-1A3956D46DE8}") = "EXP", "EXP", "{32C4E8A9-7312-4A05-9988-5E06C8D88A36}"
EndProject
Project("{2150E333-8FDC-42A3-9474-1A3956D46DE8}") = "DS-chenyue", "DS-chenyue", "{8E613C36-B9E5-4A80-9C81-3754FCAB55FE}"
EndProject
Project("{8BC9CEB8-8B4A-11D0-8D11-00A0C91BC942}") = "eg0105", "DSBOOK\eg0105\eg0105.vcproj", "{F8A29175-25A1-450C-932B-910338B6968C}"
EndProject
Project("{8BC9CEB8-8B4A-11D0-8D11-00A0C91BC942}") = "eg0111", "DSBOOK\eg0111\eg0111.vcproj", "{5D9F1506-727A-4FEB-B864-C50334D94600}"
EndProject
Project("{8BC9CEB8-8B4A-11D0-8D11-00A0C91BC942}") = "eg02", "DSBOOK\eg0205\eg0205.vcproj", "{F53A86D8-4C0C-40FE-8879-90011244149D}"
EndProject
Project("{2150E333-8FDC-42A3-9474-1A3956D46DE8}") = "01", "01", "{BB623693-D5F3-43BD-B6C5-51C7BFAB29DF}"
EndProject
Global
	GlobalSection(SubversionScc) = preSolution
		Svn-Managed = True
		Manager = AnkhSVN - Subversion Support for Visual Studio
	EndGlobalSection
	GlobalSection(SolutionConfigurationPlatforms) = preSolution
		Debug|Win32 = Debug|Win32
		Release|Win32 = Release|Win32
	EndGlobalSection
	GlobalSection(ProjectConfigurationPlatforms) = postSolution
		{BC0774B4-284D-4406-98D3-9F2CADA1953B}.Debug|Win32.ActiveCfg = Debug|Win32
		{BC0774B4-284D-4406-98D3-9F2CADA1953B}.Debug|Win32.Build.0 = Debug|Win32
		{BC0774B4-284D-4406-98D3-9F2CADA1953B}.Release|Win32.ActiveCfg = Release|Win32
		{BC0774B4-284D-4406-98D3-9F2CADA1953B}.Release|Win32.Build.0 = Release|Win32
		{AB7D5B5F-09C9-4726-995B-9D0A2E3C90FA}.Debug|Win32.ActiveCfg = Debug|Win32
		{AB7D5B5F-09C9-4726-995B-9D0A2E3C90FA}.Debug|Win32.Build.0 = Debug|Win32
		{AB7D5B5F-09C9-4726-995B-9D0A2E3C90FA}.Release|Win32.ActiveCfg = Release|Win32
		{AB7D5B5F-09C9-4726-995B-9D0A2E3C90FA}.Release|Win32.Build.0 = Release|Win32
		{0050B10C-4473-43AF-8254-C50D19E40ABA}.Debug|Win32.ActiveCfg = Debug|Win32
		{0050B10C-4473-43AF-8254-C50D19E40ABA}.Debug|Win32.Build.0 = Debug|Win32
		{0050B10C-4473-43AF-8254-C50D19E40ABA}.Release|Win32.ActiveCfg = Release|Win32
		{0050B10C-4473-43AF-8254-C50D19E40ABA}.Release|Win32.Build.0 = Release|Win32
		{600D7739-2B07-42B7-89ED-CCEF28CC892F}.Debug|Win32.ActiveCfg = Debug|Win32
		{600D7739-2B07-42B7-89ED-CCEF28CC892F}.Debug|Win32.Build.0 = Debug|Win32
		{600D7739-2B07-42B7-89ED-CCEF28CC892F}.Release|Win32.ActiveCfg = Release|Win32
		{600D7739-2B07-42B7-89ED-CCEF28CC892F}.Release|Win32.Build.0 = Release|Win32
		{4E69BC7B-7A84-4AE0-AC1F-AB848904967F}.Debug|Win32.ActiveCfg = Debug|Win32
		{4E69BC7B-7A84-4AE0-AC1F-AB848904967F}.Debug|Win32.Build.0 = Debug|Win32
		{4E69BC7B-7A84-4AE0-AC1F-AB848904967F}.Release|Win32.ActiveCfg = Release|Win32
		{4E69BC7B-7A84-4AE0-AC1F-AB848904967F}.Release|Win32.Build.0 = Release|Win32
		{66894609-9714-46E3-88BD-A02279C79407}.Debug|Win32.ActiveCfg = Debug|Win32
		{66894609-9714-46E3-88BD-A02279C79407}.Debug|Win32.Build.0 = Debug|Win32
		{66894609-9714-46E3-88BD-A02279C79407}.Release|Win32.ActiveCfg = Release|Win32
		{66894609-9714-46E3-88BD-A02279C79407}.Release|Win32.Build.0 = Release|Win32
		{D2C629AB-CCB7-46EC-9DF7-6E81B77D5262}.Debug|Win32.ActiveCfg = Debug|Win32
		{D2C629AB-CCB7-46EC-9DF7-6E81B77D5262}.Debug|Win32.Build.0 = Debug|Win32
		{D2C629AB-CCB7-46EC-9DF7-6E81B77D5262}.Release|Win32.ActiveCfg = Release|Win32
		{D2C629AB-CCB7-46EC-9DF7-6E81B77D5262}.Release|Win32.Build.0 = Release|Win32
		{E05B6B9C-9502-4049-BEEF-0CD79DE0025F}.Debug|Win32.ActiveCfg = Debug|Win32
		{E05B6B9C-9502-4049-BEEF-0CD79DE0025F}.Debug|Win32.Build.0 = Debug|Win32
		{E05B6B9C-9502-4049-BEEF-0CD79DE0025F}.Release|Win32.ActiveCfg = Release|Win32
		{E05B6B9C-9502-4049-BEEF-0CD79DE0025F}.Release|Win32.Build.0 = Release|Win32
		{04A3D5F1-96D3-422C-971A-2F8660A1742D}.Debug|Win32.ActiveCfg = Debug|Win32
		{04A3D5F1-96D3-422C-971A-2F8660A1742D}.Debug|Win32.Build.0 = Debug|Win32
		{04A3D5F1-96D3-422C-971A-2F8660A1742D}.Release|Win32.ActiveCfg = Release|Win32
		{04A3D5F1-96D3-422C-971A-2F8660A1742D}.Release|Win32.Build.0 = Release|Win32
		{8799C453-5A95-47B8-9BE0-D4B3D2CA87E7}.Debug|Win32.ActiveCfg = Debug|Win32
		{8799C453-5A95-47B8-9BE0-D4B3D2CA87E7}.Debug|Win32.Build.0 = Debug|Win32
		{8799C453-5A95-47B8-9BE0-D4B3D2CA87E7}.Release|Win32.ActiveCfg = Release|Win32
		{8799C453-5A95-47B8-9BE0-D4B3D2CA87E7}.Release|Win32.Build.0 = Release|Win32
		{3E2DE3B0-940A-4AA4-90EE-9DF1746C260B}.Debug|Win32.ActiveCfg = Debug|Win32
		{3E2DE3B0-940A-4AA4-90EE-9DF1746C260B}.Debug|Win32.Build.0 = Debug|Win32
		{3E2DE3B0-940A-4AA4-90EE-9DF1746C260B}.Release|Win32.ActiveCfg = Release|Win32
		{3E2DE3B0-940A-4AA4-90EE-9DF1746C260B}.Release|Win32.Build.0 = Release|Win32
		{9AB9E26B-2B9B-4C5B-BEE9-8888E3B12181}.Debug|Win32.ActiveCfg = Debug|Win32
		{9AB9E26B-2B9B-4C5B-BEE9-8888E3B12181}.Debug|Win32.Build.0 = Debug|Win32
		{9AB9E26B-2B9B-4C5B-BEE9-8888E3B12181}.Release|Win32.ActiveCfg = Release|Win32
		{9AB9E26B-2B9B-4C5B-BEE9-8888E3B12181}.Release|Win32.Build.0 = Release|Win32
		{73EBAF53-D186-403A-BE53-2437D8FFB6ED}.Debug|Win32.ActiveCfg = Debug|Win32
		{73EBAF53-D186-403A-BE53-2437D8FFB6ED}.Debug|Win32.Build.0 = Debug|Win32
		{73EBAF53-D186-403A-BE53-2437D8FFB6ED}.Release|Win32.ActiveCfg = Release|Win32
		{73EBAF53-D186-403A-BE53-2437D8FFB6ED}.Release|Win32.Build.0 = Release|Win32
		{F8A29175-25A1-450C-932B-910338B6968C}.Debug|Win32.ActiveCfg = Debug|Win32
		{F8A29175-25A1-450C-932B-910338B6968C}.Debug|Win32.Build.0 = Debug|Win32
		{F8A29175-25A1-450C-932B-910338B6968C}.Release|Win32.ActiveCfg = Release|Win32
		{F8A29175-25A1-450C-932B-910338B6968C}.Release|Win32.Build.0 = Release|Win32
		{5D9F1506-727A-4FEB-B864-C50334D94600}.Debug|Win32.ActiveCfg = Debug|Win32
		{5D9F1506-727A-4FEB-B864-C50334D94600}.Debug|Win32.Build.0 = Debug|Win32
		{5D9F1506-727A-4FEB-B864-C50334D94600}.Release|Win32.ActiveCfg = Release|Win32
		{5D9F1506-727A-4FEB-B864-C50334D94600}.Release|Win32.Build.0 = Release|Win32
		{F53A86D8-4C0C-40FE-8879-90011244149D}.Debug|Win32.ActiveCfg = Debug|Win32
		{F53A86D8-4C0C-40FE-8879-90011244149D}.Debug|Win32.Build.0 = Debug|Win32
		{F53A86D8-4C0C-40FE-8879-90011244149D}.Release|Win32.ActiveCfg = Release|Win32
		{F53A86D8-4C0C-40FE-8879-90011244149D}.Release|Win32.Build.0 = Release|Win32
	EndGlobalSection
	GlobalSection(SolutionProperties) = preSolution
		HideSolutionNode = FALSE
	EndGlobalSection
	GlobalSection(NestedProjects) = preSolution
		{0050B10C-4473-43AF-8254-C50D19E40ABA} = {32C4E8A9-7312-4A05-9988-5E06C8D88A36}
		{600D7739-2B07-42B7-89ED-CCEF28CC892F} = {32C4E8A9-7312-4A05-9988-5E06C8D88A36}
		{4E69BC7B-7A84-4AE0-AC1F-AB848904967F} = {32C4E8A9-7312-4A05-9988-5E06C8D88A36}
		{66894609-9714-46E3-88BD-A02279C79407} = {32C4E8A9-7312-4A05-9988-5E06C8D88A36}
		{04A3D5F1-96D3-422C-971A-2F8660A1742D} = {32C4E8A9-7312-4A05-9988-5E06C8D88A36}
		{8799C453-5A95-47B8-9BE0-D4B3D2CA87E7} = {32C4E8A9-7312-4A05-9988-5E06C8D88A36}
		{3E2DE3B0-940A-4AA4-90EE-9DF1746C260B} = {32C4E8A9-7312-4A05-9988-5E06C8D88A36}
		{9AB9E26B-2B9B-4C5B-BEE9-8888E3B12181} = {32C4E8A9-7312-4A05-9988-5E06C8D88A36}
		{AB7D5B5F-09C9-4726-995B-9D0A2E3C90FA} = {32C4E8A9-7312-4A05-9988-5E06C8D88A36}
		{BB623693-D5F3-43BD-B6C5-51C7BFAB29DF} = {8E613C36-B9E5-4A80-9C81-3754FCAB55FE}
		{F53A86D8-4C0C-40FE-8879-90011244149D} = {8E613C36-B9E5-4A80-9C81-3754FCAB55FE}
		{F8A29175-25A1-450C-932B-910338B6968C} = {BB623693-D5F3-43BD-B6C5-51C7BFAB29DF}
		{5D9F1506-727A-4FEB-B864-C50334D94600} = {BB623693-D5F3-43BD-B6C5-51C7BFAB29DF}
		{73EBAF53-D186-403A-BE53-2437D8FFB6ED} = {BB623693-D5F3-43BD-B6C5-51C7BFAB29DF}
	EndGlobalSection
EndGlobal
